
Microsoft Visual Studio Solution File, Format Version 12.00
# Visual Studio Version 17
VisualStudioVersion = 17.4.33213.308
MinimumVisualStudioVersion = 10.0.40219.1
Project("{FAE04EC0-301F-11D3-BF4B-00C04F79EFBC}") = "MethodCalling_Pedroza", "MethodCalling_Pedroza.csproj", "{12103D40-2231-4B16-A5A9-9424E2CBE947}"
EndProject
Global
	GlobalSection(SolutionConfigurationPlatforms) = preSolution
		Debug|Any CPU = Debug|Any CPU
		Release|Any CPU = Release|Any CPU
	EndGlobalSection
	GlobalSection(ProjectConfigurationPlatforms) = postSolution
		{12103D40-2231-4B16-A5A9-9424E2CBE947}.Debug|Any CPU.ActiveCfg = Debug|Any CPU
		{12103D40-2231-4B16-A5A9-9424E2CBE947}.Debug|Any CPU.Build.0 = Debug|Any CPU
		{12103D40-2231-4B16-A5A9-9424E2CBE947}.Release|Any CPU.ActiveCfg = Release|Any CPU
		{12103D40-2231-4B16-A5A9-9424E2CBE947}.Release|Any CPU.Build.0 = Release|Any CPU
	EndGlobalSection
	GlobalSection(SolutionProperties) = preSolution
		HideSolutionNode = FALSE
	EndGlobalSection
	GlobalSection(ExtensibilityGlobals) = postSolution
		SolutionGuid = {390B3698-C967-4845-A8C5-FE949BA2CD37}
	EndGlobalSection
EndGlobal
